
Microsoft Visual Studio Solution File, Format Version 12.00
# Visual Studio Version 17
VisualStudioVersion = 17.12.35514.174 d17.12
MinimumVisualStudioVersion = 10.0.40219.1
Project("{FAE04EC0-301F-11D3-BF4B-00C04F79EFBC}") = "MenuComponent.Demo", "MenuComponent.Demo\MenuComponent.Demo.csproj", "{AAB9A5DE-3503-4A8D-9BE5-45D0DA56C42C}"
EndProject
Project("{FAE04EC0-301F-11D3-BF4B-00C04F79EFBC}") = "MenuComponent", "MenuComponent\MenuComponent.csproj", "{200C9BD9-9EC2-42B9-B207-8BA85402C997}"
EndProject
Global
	GlobalSection(SolutionConfigurationPlatforms) = preSolution
		Debug|Any CPU = Debug|Any CPU
		Release|Any CPU = Release|Any CPU
	EndGlobalSection
	GlobalSection(ProjectConfigurationPlatforms) = postSolution
		{AAB9A5DE-3503-4A8D-9BE5-45D0DA56C42C}.Debug|Any CPU.ActiveCfg = Debug|Any CPU
		{AAB9A5DE-3503-4A8D-9BE5-45D0DA56C42C}.Debug|Any CPU.Build.0 = Debug|Any CPU
		{AAB9A5DE-3503-4A8D-9BE5-45D0DA56C42C}.Release|Any CPU.ActiveCfg = Release|Any CPU
		{AAB9A5DE-3503-4A8D-9BE5-45D0DA56C42C}.Release|Any CPU.Build.0 = Release|Any CPU
		{200C9BD9-9EC2-42B9-B207-8BA85402C997}.Debug|Any CPU.ActiveCfg = Debug|Any CPU
		{200C9BD9-9EC2-42B9-B207-8BA85402C997}.Debug|Any CPU.Build.0 = Debug|Any CPU
		{200C9BD9-9EC2-42B9-B207-8BA85402C997}.Release|Any CPU.ActiveCfg = Release|Any CPU
		{200C9BD9-9EC2-42B9-B207-8BA85402C997}.Release|Any CPU.Build.0 = Release|Any CPU
	EndGlobalSection
	GlobalSection(SolutionProperties) = preSolution
		HideSolutionNode = FALSE
	EndGlobalSection
EndGlobal
